<?xml version="1.0" encoding="utf-8"?>
<Project ToolsVersion="4.0" xmlns="http://schemas.microsoft.com/developer/msbuild/2003">
  <ItemGroup>
    <Filter Include="Source Files">
      <UniqueIdentifier>{4FC737F1-C7A5-4376-A066-2A32D752A2FF}</UniqueIdentifier>
      <Extensions>cpp;c;cc;cxx;c++;cppm;ixx;def;odl;idl;hpj;bat;asm;asmx</Extensions>
    </Filter>
    <Filter Include="Header Files">
      <UniqueIdentifier>{93995380-89BD-4b04-88EB-625FBE52EBFB}</UniqueIdentifier>
      <Extensions>h;hh;hpp;hxx;h++;hm;inl;inc;ipp;xsd</Extensions>
    </Filter>
    <Filter Include="Resource Files">
      <UniqueIdentifier>{67DA6AB6-F800-4c08-8B7A-83BB121AAD01}</UniqueIdentifier>
      <Extensions>rc;ico;cur;bmp;dlg;rc2;rct;bin;rgs;gif;jpg;jpeg;jpe;resx;tiff;tif;png;wav;mfcribbon-ms</Extensions>
    </Filter>
    <Filter Include="Header Files\Core">
      <UniqueIdentifier>{96d3038b-e23f-483a-bfd5-0c4ee090c433}</UniqueIdentifier>
    </Filter>
    <Filter Include="Header Files\Interface">
      <UniqueIdentifier>{cdc52345-08c7-46e0-8aac-bf74e543c85b}</UniqueIdentifier>
    </Filter>
    <Filter Include="Header Files\Objets">
      <UniqueIdentifier>{7cb4584f-faef-4765-8d7c-4c1d10f91071}</UniqueIdentifier>
    </Filter>
    <Filter Include="Source Files\Objets">
      <UniqueIdentifier>{1e3b569e-1e95-4655-b641-f898de006aa3}</UniqueIdentifier>
    </Filter>
    <Filter Include="Source Files\Interface">
      <UniqueIdentifier>{9e413134-ef67-4baa-b035-800b38410cc8}</UniqueIdentifier>
    </Filter>
    <Filter Include="Source Files\Core">
      <UniqueIdentifier>{a8d4bcc9-951d-4399-878b-e92cec3b9a32}</UniqueIdentifier>
    </Filter>
  </ItemGroup>
  <ItemGroup>
    <ClCompile Include="main.cpp">
      <Filter>Source Files</Filter>
    </ClCompile>
    <ClCompile Include="enemy.cpp">
      <Filter>Source Files\Objets</Filter>
    </ClCompile>
    <ClCompile Include="player.cpp">
      <Filter>Source Files\Objets</Filter>
    </ClCompile>
    <ClCompile Include="projectile.cpp">
      <Filter>Source Files\Objets</Filter>
    </ClCompile>
    <ClCompile Include="abilities.cpp">
      <Filter>Source Files\Objets</Filter>
    </ClCompile>
    <ClCompile Include="Background.cpp">
      <Filter>Source Files\Interface</Filter>
    </ClCompile>
    <ClCompile Include="menu.cpp">
      <Filter>Source Files\Interface</Filter>
    </ClCompile>
    <ClCompile Include="functions.cpp">
      <Filter>Source Files\Core</Filter>
    </ClCompile>
    <ClCompile Include="game.cpp">
      <Filter>Source Files\Core</Filter>
    </ClCompile>
  </ItemGroup>
  <ItemGroup>
    <ClInclude Include="projectile.h">
      <Filter>Header Files\Objets</Filter>
    </ClInclude>
    <ClInclude Include="player.h">
      <Filter>Header Files\Objets</Filter>
    </ClInclude>
    <ClInclude Include="abilities.h">
      <Filter>Header Files\Objets</Filter>
    </ClInclude>
    <ClInclude Include="enemy.h">
      <Filter>Header Files\Objets</Filter>
    </ClInclude>
    <ClInclude Include="Background.h">
      <Filter>Header Files\Interface</Filter>
    </ClInclude>
    <ClInclude Include="menu.h">
      <Filter>Header Files\Interface</Filter>
    </ClInclude>
    <ClInclude Include="game.h">
      <Filter>Header Files\Core</Filter>
    </ClInclude>
    <ClInclude Include="constantes.h">
      <Filter>Header Files\Core</Filter>
    </ClInclude>
    <ClInclude Include="functions.h">
      <Filter>Header Files\Core</Filter>
    </ClInclude>
  </ItemGroup>
  <ItemGroup>
    <None Include="packages.config" />
    <None Include="config.ini" />
  </ItemGroup>
  <ItemGroup>
    <Text Include="temporaary.txt" />
  </ItemGroup>
</Project>